// !$*UTF8*$!
{
	archiveVersion = 1;
	classes = {
	};
	objectVersion = 55;
	objects = {

/* Begin PBXBuildFile section */
		C816871727FB83C100ABA2E2 /* Languages.swift in Sources */ = {isa = PBXBuildFile; fileRef = C816871627FB83C100ABA2E2 /* Languages.swift */; };
		C816871927FC4B8E00ABA2E2 /* GameMode.swift in Sources */ = {isa = PBXBuildFile; fileRef = C816871827FC4B8E00ABA2E2 /* GameMode.swift */; };
		C82C724A27F1F53D00225109 /* AppDelegate.swift in Sources */ = {isa = PBXBuildFile; fileRef = C82C724927F1F53D00225109 /* AppDelegate.swift */; };
		C82C724C27F1F53D00225109 /* SceneDelegate.swift in Sources */ = {isa = PBXBuildFile; fileRef = C82C724B27F1F53D00225109 /* SceneDelegate.swift */; };
		C82C725327F1F54300225109 /* Assets.xcassets in Resources */ = {isa = PBXBuildFile; fileRef = C82C725227F1F54300225109 /* Assets.xcassets */; };
		C82C725627F1F54300225109 /* LaunchScreen.storyboard in Resources */ = {isa = PBXBuildFile; fileRef = C82C725427F1F54300225109 /* LaunchScreen.storyboard */; };
		C82C726027F2E81200225109 /* TabBarController.swift in Sources */ = {isa = PBXBuildFile; fileRef = C82C725F27F2E81200225109 /* TabBarController.swift */; };
		C82C726227F2E86D00225109 /* NavigationController.swift in Sources */ = {isa = PBXBuildFile; fileRef = C82C726127F2E86D00225109 /* NavigationController.swift */; };
		C82C726427F2E8D000225109 /* GameViewController.swift in Sources */ = {isa = PBXBuildFile; fileRef = C82C726327F2E8CF00225109 /* GameViewController.swift */; };
		C82C726627F2E8E000225109 /* CubeViewController.swift in Sources */ = {isa = PBXBuildFile; fileRef = C82C726527F2E8E000225109 /* CubeViewController.swift */; };
		C883009928173C7E00563343 /* GameStatisticsContentConfiguration.swift in Sources */ = {isa = PBXBuildFile; fileRef = C883009828173C7E00563343 /* GameStatisticsContentConfiguration.swift */; };
		C8869721281145DA00ECE3F8 /* TitleHeaderCollectionReusableView.swift in Sources */ = {isa = PBXBuildFile; fileRef = C8869720281145DA00ECE3F8 /* TitleHeaderCollectionReusableView.swift */; };
		C8A06EA62809A48D003C8DCE /* DataStore.swift in Sources */ = {isa = PBXBuildFile; fileRef = C8A06EA52809A48D003C8DCE /* DataStore.swift */; };
		C8A06EA92809A4B5003C8DCE /* HistoryCollectionItem.swift in Sources */ = {isa = PBXBuildFile; fileRef = C8A06EA82809A4B5003C8DCE /* HistoryCollectionItem.swift */; };
		C8A06EAB2809A4D5003C8DCE /* GameCollectionConfiguration.swift in Sources */ = {isa = PBXBuildFile; fileRef = C8A06EAA2809A4D5003C8DCE /* GameCollectionConfiguration.swift */; };
		C8A06EAD2809A4EC003C8DCE /* CubeCollectionConfiguration.swift in Sources */ = {isa = PBXBuildFile; fileRef = C8A06EAC2809A4EC003C8DCE /* CubeCollectionConfiguration.swift */; };
		C8A06EAF2809A53B003C8DCE /* CubeStatisticsContentConfiguration.swift in Sources */ = {isa = PBXBuildFile; fileRef = C8A06EAE2809A53B003C8DCE /* CubeStatisticsContentConfiguration.swift */; };
		C8A06EB12809A55F003C8DCE /* CollectionViewLayoutFactory.swift in Sources */ = {isa = PBXBuildFile; fileRef = C8A06EB02809A55F003C8DCE /* CollectionViewLayoutFactory.swift */; };
		C8A06EB32809E2B4003C8DCE /* HistoryViewController.swift in Sources */ = {isa = PBXBuildFile; fileRef = C8A06EB22809E2B4003C8DCE /* HistoryViewController.swift */; };
		C8E51E4927F30A77001EFCBB /* SettingsViewController.swift in Sources */ = {isa = PBXBuildFile; fileRef = C8E51E4827F30A77001EFCBB /* SettingsViewController.swift */; };
/* End PBXBuildFile section */

/* Begin PBXFileReference section */
		C816871627FB83C100ABA2E2 /* Languages.swift */ = {isa = PBXFileReference; lastKnownFileType = sourcecode.swift; path = Languages.swift; sourceTree = "<group>"; };
		C816871827FC4B8E00ABA2E2 /* GameMode.swift */ = {isa = PBXFileReference; lastKnownFileType = sourcecode.swift; path = GameMode.swift; sourceTree = "<group>"; };
		C82C724627F1F53D00225109 /* 4thtaskSwift.app */ = {isa = PBXFileReference; explicitFileType = wrapper.application; includeInIndex = 0; path = 4thtaskSwift.app; sourceTree = BUILT_PRODUCTS_DIR; };
		C82C724927F1F53D00225109 /* AppDelegate.swift */ = {isa = PBXFileReference; lastKnownFileType = sourcecode.swift; path = AppDelegate.swift; sourceTree = "<group>"; };
		C82C724B27F1F53D00225109 /* SceneDelegate.swift */ = {isa = PBXFileReference; lastKnownFileType = sourcecode.swift; path = SceneDelegate.swift; sourceTree = "<group>"; };
		C82C725227F1F54300225109 /* Assets.xcassets */ = {isa = PBXFileReference; lastKnownFileType = folder.assetcatalog; path = Assets.xcassets; sourceTree = "<group>"; };
		C82C725527F1F54300225109 /* Base */ = {isa = PBXFileReference; lastKnownFileType = file.storyboard; name = Base; path = Base.lproj/LaunchScreen.storyboard; sourceTree = "<group>"; };
		C82C725727F1F54300225109 /* Info.plist */ = {isa = PBXFileReference; lastKnownFileType = text.plist.xml; path = Info.plist; sourceTree = "<group>"; };
		C82C725F27F2E81200225109 /* TabBarController.swift */ = {isa = PBXFileReference; lastKnownFileType = sourcecode.swift; path = TabBarController.swift; sourceTree = "<group>"; };
		C82C726127F2E86D00225109 /* NavigationController.swift */ = {isa = PBXFileReference; lastKnownFileType = sourcecode.swift; path = NavigationController.swift; sourceTree = "<group>"; };
		C82C726327F2E8CF00225109 /* GameViewController.swift */ = {isa = PBXFileReference; lastKnownFileType = sourcecode.swift; path = GameViewController.swift; sourceTree = "<group>"; };
		C82C726527F2E8E000225109 /* CubeViewController.swift */ = {isa = PBXFileReference; lastKnownFileType = sourcecode.swift; path = CubeViewController.swift; sourceTree = "<group>"; };
		C883009828173C7E00563343 /* GameStatisticsContentConfiguration.swift */ = {isa = PBXFileReference; lastKnownFileType = sourcecode.swift; path = GameStatisticsContentConfiguration.swift; sourceTree = "<group>"; };
		C8869720281145DA00ECE3F8 /* TitleHeaderCollectionReusableView.swift */ = {isa = PBXFileReference; lastKnownFileType = sourcecode.swift; path = TitleHeaderCollectionReusableView.swift; sourceTree = "<group>"; };
		C8A06EA52809A48D003C8DCE /* DataStore.swift */ = {isa = PBXFileReference; lastKnownFileType = sourcecode.swift; path = DataStore.swift; sourceTree = "<group>"; };
		C8A06EA82809A4B5003C8DCE /* HistoryCollectionItem.swift */ = {isa = PBXFileReference; lastKnownFileType = sourcecode.swift; path = HistoryCollectionItem.swift; sourceTree = "<group>"; };
		C8A06EAA2809A4D5003C8DCE /* GameCollectionConfiguration.swift */ = {isa = PBXFileReference; lastKnownFileType = sourcecode.swift; path = GameCollectionConfiguration.swift; sourceTree = "<group>"; };
		C8A06EAC2809A4EC003C8DCE /* CubeCollectionConfiguration.swift */ = {isa = PBXFileReference; lastKnownFileType = sourcecode.swift; path = CubeCollectionConfiguration.swift; sourceTree = "<group>"; };
		C8A06EAE2809A53B003C8DCE /* CubeStatisticsContentConfiguration.swift */ = {isa = PBXFileReference; lastKnownFileType = sourcecode.swift; path = CubeStatisticsContentConfiguration.swift; sourceTree = "<group>"; };
		C8A06EB02809A55F003C8DCE /* CollectionViewLayoutFactory.swift */ = {isa = PBXFileReference; lastKnownFileType = sourcecode.swift; path = CollectionViewLayoutFactory.swift; sourceTree = "<group>"; };
		C8A06EB22809E2B4003C8DCE /* HistoryViewController.swift */ = {isa = PBXFileReference; lastKnownFileType = sourcecode.swift; path = HistoryViewController.swift; sourceTree = "<group>"; };
		C8E51E4827F30A77001EFCBB /* SettingsViewController.swift */ = {isa = PBXFileReference; lastKnownFileType = sourcecode.swift; path = SettingsViewController.swift; sourceTree = "<group>"; };
/* End PBXFileReference section */

/* Begin PBXFrameworksBuildPhase section */
		C82C724327F1F53C00225109 /* Frameworks */ = {
			isa = PBXFrameworksBuildPhase;
			buildActionMask = 2147483647;
			files = (
			);
			runOnlyForDeploymentPostprocessing = 0;
		};
/* End PBXFrameworksBuildPhase section */

/* Begin PBXGroup section */
		C82C723D27F1F53C00225109 = {
			isa = PBXGroup;
			children = (
				C82C724827F1F53D00225109 /* 4thtaskSwift */,
				C82C724727F1F53D00225109 /* Products */,
			);
			sourceTree = "<group>";
		};
		C82C724727F1F53D00225109 /* Products */ = {
			isa = PBXGroup;
			children = (
				C82C724627F1F53D00225109 /* 4thtaskSwift.app */,
			);
			name = Products;
			sourceTree = "<group>";
		};
		C82C724827F1F53D00225109 /* 4thtaskSwift */ = {
			isa = PBXGroup;
			children = (
				C82C724927F1F53D00225109 /* AppDelegate.swift */,
				C82C724B27F1F53D00225109 /* SceneDelegate.swift */,
				C82C725227F1F54300225109 /* Assets.xcassets */,
				C82C725427F1F54300225109 /* LaunchScreen.storyboard */,
				C82C725727F1F54300225109 /* Info.plist */,
				C82C725F27F2E81200225109 /* TabBarController.swift */,
				C82C726127F2E86D00225109 /* NavigationController.swift */,
				C846D16E27F8E9B600ABE6C1 /* Controller */,
				C816871627FB83C100ABA2E2 /* Languages.swift */,
				C816871827FC4B8E00ABA2E2 /* GameMode.swift */,
				C886971F281145AF00ECE3F8 /* View */,
				C8A06EA42809A466003C8DCE /* Data Store */,
				C8A06EB02809A55F003C8DCE /* CollectionViewLayoutFactory.swift */,
			);
			path = 4thtaskSwift;
			sourceTree = "<group>";
		};
		C846D16E27F8E9B600ABE6C1 /* Controller */ = {
			isa = PBXGroup;
			children = (
				C82C726327F2E8CF00225109 /* GameViewController.swift */,
				C82C726527F2E8E000225109 /* CubeViewController.swift */,
				C8E51E4827F30A77001EFCBB /* SettingsViewController.swift */,
				C8A06EB22809E2B4003C8DCE /* HistoryViewController.swift */,
			);
			path = Controller;
			sourceTree = "<group>";
		};
		C886971F281145AF00ECE3F8 /* View */ = {
			isa = PBXGroup;
			children = (
				C8869720281145DA00ECE3F8 /* TitleHeaderCollectionReusableView.swift */,
			);
			path = View;
			sourceTree = "<group>";
		};
		C8A06EA42809A466003C8DCE /* Data Store */ = {
			isa = PBXGroup;
			children = (
				C8A06EA52809A48D003C8DCE /* DataStore.swift */,
				C8A06EA82809A4B5003C8DCE /* HistoryCollectionItem.swift */,
				C8A06EAA2809A4D5003C8DCE /* GameCollectionConfiguration.swift */,
				C8A06EAC2809A4EC003C8DCE /* CubeCollectionConfiguration.swift */,
				C8A06EAE2809A53B003C8DCE /* CubeStatisticsContentConfiguration.swift */,
				C883009828173C7E00563343 /* GameStatisticsContentConfiguration.swift */,
			);
			path = "Data Store";
			sourceTree = "<group>";
		};
/* End PBXGroup section */

/* Begin PBXNativeTarget section */
		C82C724527F1F53C00225109 /* 4thtaskSwift */ = {
			isa = PBXNativeTarget;
			buildConfigurationList = C82C725A27F1F54300225109 /* Build configuration list for PBXNativeTarget "4thtaskSwift" */;
			buildPhases = (
				C82C724227F1F53C00225109 /* Sources */,
				C82C724327F1F53C00225109 /* Frameworks */,
				C82C724427F1F53C00225109 /* Resources */,
			);
			buildRules = (
			);
			dependencies = (
			);
			name = 4thtaskSwift;
			productName = 4thtaskSwift;
			productReference = C82C724627F1F53D00225109 /* 4thtaskSwift.app */;
			productType = "com.apple.product-type.application";
		};
/* End PBXNativeTarget section */

/* Begin PBXProject section */
		C82C723E27F1F53C00225109 /* Project object */ = {
			isa = PBXProject;
			attributes = {
				BuildIndependentTargetsInParallel = 1;
				LastSwiftUpdateCheck = 1330;
				LastUpgradeCheck = 1330;
				TargetAttributes = {
					C82C724527F1F53C00225109 = {
						CreatedOnToolsVersion = 13.3;
					};
				};
			};
			buildConfigurationList = C82C724127F1F53C00225109 /* Build configuration list for PBXProject "4thtaskSwift" */;
			compatibilityVersion = "Xcode 13.0";
			developmentRegion = en;
			hasScannedForEncodings = 0;
			knownRegions = (
				en,
				Base,
			);
			mainGroup = C82C723D27F1F53C00225109;
			productRefGroup = C82C724727F1F53D00225109 /* Products */;
			projectDirPath = "";
			projectRoot = "";
			targets = (
				C82C724527F1F53C00225109 /* 4thtaskSwift */,
			);
		};
/* End PBXProject section */

/* Begin PBXResourcesBuildPhase section */
		C82C724427F1F53C00225109 /* Resources */ = {
			isa = PBXResourcesBuildPhase;
			buildActionMask = 2147483647;
			files = (
				C82C725627F1F54300225109 /* LaunchScreen.storyboard in Resources */,
				C82C725327F1F54300225109 /* Assets.xcassets in Resources */,
			);
			runOnlyForDeploymentPostprocessing = 0;
		};
/* End PBXResourcesBuildPhase section */

/* Begin PBXSourcesBuildPhase section */
		C82C724227F1F53C00225109 /* Sources */ = {
			isa = PBXSourcesBuildPhase;
			buildActionMask = 2147483647;
			files = (
				C82C724A27F1F53D00225109 /* AppDelegate.swift in Sources */,
				C8A06EB12809A55F003C8DCE /* CollectionViewLayoutFactory.swift in Sources */,
				C8A06EAF2809A53B003C8DCE /* CubeStatisticsContentConfiguration.swift in Sources */,
				C816871727FB83C100ABA2E2 /* Languages.swift in Sources */,
				C82C726227F2E86D00225109 /* NavigationController.swift in Sources */,
				C8869721281145DA00ECE3F8 /* TitleHeaderCollectionReusableView.swift in Sources */,
				C8A06EA92809A4B5003C8DCE /* HistoryCollectionItem.swift in Sources */,
				C8A06EA62809A48D003C8DCE /* DataStore.swift in Sources */,
				C8A06EB32809E2B4003C8DCE /* HistoryViewController.swift in Sources */,
				C8E51E4927F30A77001EFCBB /* SettingsViewController.swift in Sources */,
				C82C726027F2E81200225109 /* TabBarController.swift in Sources */,
				C816871927FC4B8E00ABA2E2 /* GameMode.swift in Sources */,
				C82C726427F2E8D000225109 /* GameViewController.swift in Sources */,
				C82C726627F2E8E000225109 /* CubeViewController.swift in Sources */,
				C8A06EAB2809A4D5003C8DCE /* GameCollectionConfiguration.swift in Sources */,
				C8A06EAD2809A4EC003C8DCE /* CubeCollectionConfiguration.swift in Sources */,
				C82C724C27F1F53D00225109 /* SceneDelegate.swift in Sources */,
				C883009928173C7E00563343 /* GameStatisticsContentConfiguration.swift in Sources */,
			);
			runOnlyForDeploymentPostprocessing = 0;
		};
/* End PBXSourcesBuildPhase section */

/* Begin PBXVariantGroup section */
		C82C725427F1F54300225109 /* LaunchScreen.storyboard */ = {
			isa = PBXVariantGroup;
			children = (
				C82C725527F1F54300225109 /* Base */,
			);
			name = LaunchScreen.storyboard;
			sourceTree = "<group>";
		};
/* End PBXVariantGroup section */

/* Begin XCBuildConfiguration section */
		C82C725827F1F54300225109 /* Debug */ = {
			isa = XCBuildConfiguration;
			buildSettings = {
				ALWAYS_SEARCH_USER_PATHS = NO;
				CLANG_ANALYZER_NONNULL = YES;
				CLANG_ANALYZER_NUMBER_OBJECT_CONVERSION = YES_AGGRESSIVE;
				CLANG_CXX_LANGUAGE_STANDARD = "gnu++17";
				CLANG_ENABLE_MODULES = YES;
				CLANG_ENABLE_OBJC_ARC = YES;
				CLANG_ENABLE_OBJC_WEAK = YES;
				CLANG_WARN_BLOCK_CAPTURE_AUTORELEASING = YES;
				CLANG_WARN_BOOL_CONVERSION = YES;
				CLANG_WARN_COMMA = YES;
				CLANG_WARN_CONSTANT_CONVERSION = YES;
				CLANG_WARN_DEPRECATED_OBJC_IMPLEMENTATIONS = YES;
				CLANG_WARN_DIRECT_OBJC_ISA_USAGE = YES_ERROR;
				CLANG_WARN_DOCUMENTATION_COMMENTS = YES;
				CLANG_WARN_EMPTY_BODY = YES;
				CLANG_WARN_ENUM_CONVERSION = YES;
				CLANG_WARN_INFINITE_RECURSION = YES;
				CLANG_WARN_INT_CONVERSION = YES;
				CLANG_WARN_NON_LITERAL_NULL_CONVERSION = YES;
				CLANG_WARN_OBJC_IMPLICIT_RETAIN_SELF = YES;
				CLANG_WARN_OBJC_LITERAL_CONVERSION = YES;
				CLANG_WARN_OBJC_ROOT_CLASS = YES_ERROR;
				CLANG_WARN_QUOTED_INCLUDE_IN_FRAMEWORK_HEADER = YES;
				CLANG_WARN_RANGE_LOOP_ANALYSIS = YES;
				CLANG_WARN_STRICT_PROTOTYPES = YES;
				CLANG_WARN_SUSPICIOUS_MOVE = YES;
				CLANG_WARN_UNGUARDED_AVAILABILITY = YES_AGGRESSIVE;
				CLANG_WARN_UNREACHABLE_CODE = YES;
				CLANG_WARN__DUPLICATE_METHOD_MATCH = YES;
				COPY_PHASE_STRIP = NO;
				DEBUG_INFORMATION_FORMAT = dwarf;
				ENABLE_STRICT_OBJC_MSGSEND = YES;
				ENABLE_TESTABILITY = YES;
				GCC_C_LANGUAGE_STANDARD = gnu11;
				GCC_DYNAMIC_NO_PIC = NO;
				GCC_NO_COMMON_BLOCKS = YES;
				GCC_OPTIMIZATION_LEVEL = 0;
				GCC_PREPROCESSOR_DEFINITIONS = (
					"DEBUG=1",
					"$(inherited)",
				);
				GCC_WARN_64_TO_32_BIT_CONVERSION = YES;
				GCC_WARN_ABOUT_RETURN_TYPE = YES_ERROR;
				GCC_WARN_UNDECLARED_SELECTOR = YES;
				GCC_WARN_UNINITIALIZED_AUTOS = YES_AGGRESSIVE;
				GCC_WARN_UNUSED_FUNCTION = YES;
				GCC_WARN_UNUSED_VARIABLE = YES;
				IPHONEOS_DEPLOYMENT_TARGET = 15.4;
				MTL_ENABLE_DEBUG_INFO = INCLUDE_SOURCE;
				MTL_FAST_MATH = YES;
				ONLY_ACTIVE_ARCH = YES;
				SDKROOT = iphoneos;
				SWIFT_ACTIVE_COMPILATION_CONDITIONS = DEBUG;
				SWIFT_OPTIMIZATION_LEVEL = "-Onone";
			};
			name = Debug;
		};
		C82C725927F1F54300225109 /* Release */ = {
			isa = XCBuildConfiguration;
			buildSettings = {
				ALWAYS_SEARCH_USER_PATHS = NO;
				CLANG_ANALYZER_NONNULL = YES;
				CLANG_ANALYZER_NUMBER_OBJECT_CONVERSION = YES_AGGRESSIVE;
				CLANG_CXX_LANGUAGE_STANDARD = "gnu++17";
				CLANG_ENABLE_MODULES = YES;
				CLANG_ENABLE_OBJC_ARC = YES;
				CLANG_ENABLE_OBJC_WEAK = YES;
				CLANG_WARN_BLOCK_CAPTURE_AUTORELEASING = YES;
				CLANG_WARN_BOOL_CONVERSION = YES;
				CLANG_WARN_COMMA = YES;
				CLANG_WARN_CONSTANT_CONVERSION = YES;
				CLANG_WARN_DEPRECATED_OBJC_IMPLEMENTATIONS = YES;
				CLANG_WARN_DIRECT_OBJC_ISA_USAGE = YES_ERROR;
				CLANG_WARN_DOCUMENTATION_COMMENTS = YES;
				CLANG_WARN_EMPTY_BODY = YES;
				CLANG_WARN_ENUM_CONVERSION = YES;
				CLANG_WARN_INFINITE_RECURSION = YES;
				CLANG_WARN_INT_CONVERSION = YES;
				CLANG_WARN_NON_LITERAL_NULL_CONVERSION = YES;
				CLANG_WARN_OBJC_IMPLICIT_RETAIN_SELF = YES;
				CLANG_WARN_OBJC_LITERAL_CONVERSION = YES;
				CLANG_WARN_OBJC_ROOT_CLASS = YES_ERROR;
				CLANG_WARN_QUOTED_INCLUDE_IN_FRAMEWORK_HEADER = YES;
				CLANG_WARN_RANGE_LOOP_ANALYSIS = YES;
				CLANG_WARN_STRICT_PROTOTYPES = YES;
				CLANG_WARN_SUSPICIOUS_MOVE = YES;
				CLANG_WARN_UNGUARDED_AVAILABILITY = YES_AGGRESSIVE;
				CLANG_WARN_UNREACHABLE_CODE = YES;
				CLANG_WARN__DUPLICATE_METHOD_MATCH = YES;
				COPY_PHASE_STRIP = NO;
				DEBUG_INFORMATION_FORMAT = "dwarf-with-dsym";
				ENABLE_NS_ASSERTIONS = NO;
				ENABLE_STRICT_OBJC_MSGSEND = YES;
				GCC_C_LANGUAGE_STANDARD = gnu11;
				GCC_NO_COMMON_BLOCKS = YES;
				GCC_WARN_64_TO_32_BIT_CONVERSION = YES;
				GCC_WARN_ABOUT_RETURN_TYPE = YES_ERROR;
				GCC_WARN_UNDECLARED_SELECTOR = YES;
				GCC_WARN_UNINITIALIZED_AUTOS = YES_AGGRESSIVE;
				GCC_WARN_UNUSED_FUNCTION = YES;
				GCC_WARN_UNUSED_VARIABLE = YES;
				IPHONEOS_DEPLOYMENT_TARGET = 15.4;
				MTL_ENABLE_DEBUG_INFO = NO;
				MTL_FAST_MATH = YES;
				SDKROOT = iphoneos;
				SWIFT_COMPILATION_MODE = wholemodule;
				SWIFT_OPTIMIZATION_LEVEL = "-O";
				VALIDATE_PRODUCT = YES;
			};
			name = Release;
		};
		C82C725B27F1F54300225109 /* Debug */ = {
			isa = XCBuildConfiguration;
			buildSettings = {
				ASSETCATALOG_COMPILER_APPICON_NAME = AppIcon;
				ASSETCATALOG_COMPILER_GLOBAL_ACCENT_COLOR_NAME = AccentColor;
				CODE_SIGN_STYLE = Automatic;
				CURRENT_PROJECT_VERSION = 1;
				DEVELOPMENT_TEAM = 4GKW44TN2C;
				GENERATE_INFOPLIST_FILE = YES;
				INFOPLIST_FILE = 4thtaskSwift/Info.plist;
				INFOPLIST_KEY_UIApplicationSupportsIndirectInputEvents = YES;
				INFOPLIST_KEY_UILaunchStoryboardName = LaunchScreen;
				INFOPLIST_KEY_UISupportedInterfaceOrientations_iPad = "UIInterfaceOrientationPortrait UIInterfaceOrientationPortraitUpsideDown UIInterfaceOrientationLandscapeLeft UIInterfaceOrientationLandscapeRight";
				INFOPLIST_KEY_UISupportedInterfaceOrientations_iPhone = "UIInterfaceOrientationPortrait UIInterfaceOrientationLandscapeLeft UIInterfaceOrientationLandscapeRight";
				LD_RUNPATH_SEARCH_PATHS = (
					"$(inherited)",
					"@executable_path/Frameworks",
				);
				MARKETING_VERSION = 1.0;
				PRODUCT_BUNDLE_IDENTIFIER = "ru.zacepilkina.-thtaskSwift";
				PRODUCT_NAME = "$(TARGET_NAME)";
				SWIFT_EMIT_LOC_STRINGS = YES;
				SWIFT_VERSION = 5.0;
				TARGETED_DEVICE_FAMILY = "1,2";
			};
			name = Debug;
		};
		C82C725C27F1F54300225109 /* Release */ = {
			isa = XCBuildConfiguration;
			buildSettings = {
				ASSETCATALOG_COMPILER_APPICON_NAME = AppIcon;
				ASSETCATALOG_COMPILER_GLOBAL_ACCENT_COLOR_NAME = AccentColor;
				CODE_SIGN_STYLE = Automatic;
				CURRENT_PROJECT_VERSION = 1;
				DEVELOPMENT_TEAM = 4GKW44TN2C;
				GENERATE_INFOPLIST_FILE = YES;
				INFOPLIST_FILE = 4thtaskSwift/Info.plist;
				INFOPLIST_KEY_UIApplicationSupportsIndirectInputEvents = YES;
				INFOPLIST_KEY_UILaunchStoryboardName = LaunchScreen;
				INFOPLIST_KEY_UISupportedInterfaceOrientations_iPad = "UIInterfaceOrientationPortrait UIInterfaceOrientationPortraitUpsideDown UIInterfaceOrientationLandscapeLeft UIInterfaceOrientationLandscapeRight";
				INFOPLIST_KEY_UISupportedInterfaceOrientations_iPhone = "UIInterfaceOrientationPortrait UIInterfaceOrientationLandscapeLeft UIInterfaceOrientationLandscapeRight";
				LD_RUNPATH_SEARCH_PATHS = (
					"$(inherited)",
					"@executable_path/Frameworks",
				);
				MARKETING_VERSION = 1.0;
				PRODUCT_BUNDLE_IDENTIFIER = "ru.zacepilkina.-thtaskSwift";
				PRODUCT_NAME = "$(TARGET_NAME)";
				SWIFT_EMIT_LOC_STRINGS = YES;
				SWIFT_VERSION = 5.0;
				TARGETED_DEVICE_FAMILY = "1,2";
			};
			name = Release;
		};
/* End XCBuildConfiguration section */

/* Begin XCConfigurationList section */
		C82C724127F1F53C00225109 /* Build configuration list for PBXProject "4thtaskSwift" */ = {
			isa = XCConfigurationList;
			buildConfigurations = (
				C82C725827F1F54300225109 /* Debug */,
				C82C725927F1F54300225109 /* Release */,
			);
			defaultConfigurationIsVisible = 0;
			defaultConfigurationName = Release;
		};
		C82C725A27F1F54300225109 /* Build configuration list for PBXNativeTarget "4thtaskSwift" */ = {
			isa = XCConfigurationList;
			buildConfigurations = (
				C82C725B27F1F54300225109 /* Debug */,
				C82C725C27F1F54300225109 /* Release */,
			);
			defaultConfigurationIsVisible = 0;
			defaultConfigurationName = Release;
		};
/* End XCConfigurationList section */
	};
	rootObject = C82C723E27F1F53C00225109 /* Project object */;
}
